<Solution>
  <Folder Name="/tests/">
    <Project Path="tests/MailSender.UnitTests/MailSender.UnitTests.csproj" />
  </Folder>
  <Project Path="MailSender.Api/MailSender.Api.csproj" />
  <Project Path="MailSender.Application/MailSender.Application.csproj" />
  <Project Path="MailSender.Domain/MailSender.Domain.csproj" />
  <Project Path="MailSender.Infrastructure/MailSender.Infrastructure.csproj" />
</Solution>